
Microsoft Visual Studio Solution File, Format Version 12.00
# Visual Studio Version 16
VisualStudioVersion = 16.0.30907.101
MinimumVisualStudioVersion = 10.0.40219.1
Project("{FAE04EC0-301F-11D3-BF4B-00C04F79EFBC}") = "PowerGridGA", "PowerGridGA\PowerGridGA.csproj", "{D3E62612-3274-4F66-A14A-1C4953C0F814}"
EndProject
Global
	GlobalSection(SolutionConfigurationPlatforms) = preSolution
		Debug|Any CPU = Debug|Any CPU
		Release|Any CPU = Release|Any CPU
	EndGlobalSection
	GlobalSection(ProjectConfigurationPlatforms) = postSolution
		{D3E62612-3274-4F66-A14A-1C4953C0F814}.Debug|Any CPU.ActiveCfg = Debug|Any CPU
		{D3E62612-3274-4F66-A14A-1C4953C0F814}.Debug|Any CPU.Build.0 = Debug|Any CPU
		{D3E62612-3274-4F66-A14A-1C4953C0F814}.Release|Any CPU.ActiveCfg = Release|Any CPU
		{D3E62612-3274-4F66-A14A-1C4953C0F814}.Release|Any CPU.Build.0 = Release|Any CPU
	EndGlobalSection
	GlobalSection(SolutionProperties) = preSolution
		HideSolutionNode = FALSE
	EndGlobalSection
	GlobalSection(ExtensibilityGlobals) = postSolution
		SolutionGuid = {F2000505-DCBF-4F05-89A8-C11DFC8DF88D}
	EndGlobalSection
EndGlobal
